
Microsoft Visual Studio Solution File, Format Version 12.00
# Visual Studio Version 16
VisualStudioVersion = 16.0.30711.63
MinimumVisualStudioVersion = 10.0.40219.1
Project("{FAE04EC0-301F-11D3-BF4B-00C04F79EFBC}") = "Linii", "Linii.csproj", "{02F4D061-A33E-46D1-A397-F24028D0DD43}"
EndProject
Global
	GlobalSection(SolutionConfigurationPlatforms) = preSolution
		Debug|Any CPU = Debug|Any CPU
		Release|Any CPU = Release|Any CPU
	EndGlobalSection
	GlobalSection(ProjectConfigurationPlatforms) = postSolution
		{02F4D061-A33E-46D1-A397-F24028D0DD43}.Debug|Any CPU.ActiveCfg = Debug|Any CPU
		{02F4D061-A33E-46D1-A397-F24028D0DD43}.Debug|Any CPU.Build.0 = Debug|Any CPU
		{02F4D061-A33E-46D1-A397-F24028D0DD43}.Release|Any CPU.ActiveCfg = Release|Any CPU
		{02F4D061-A33E-46D1-A397-F24028D0DD43}.Release|Any CPU.Build.0 = Release|Any CPU
	EndGlobalSection
	GlobalSection(SolutionProperties) = preSolution
		HideSolutionNode = FALSE
	EndGlobalSection
	GlobalSection(ExtensibilityGlobals) = postSolution
		SolutionGuid = {0B7AEF7C-6E45-4764-A05A-A38E88D0008C}
	EndGlobalSection
EndGlobal
